
Microsoft Visual Studio Solution File, Format Version 12.00
# Visual Studio Version 16
VisualStudioVersion = 16.0.32802.440
MinimumVisualStudioVersion = 10.0.40219.1
Project("{9A19103F-16F7-4668-BE54-9A1E7A4F7556}") = "Mundial", "Mundial\Mundial.csproj", "{C71D3E69-C6CD-4D61-8A29-CDBA6E7213BC}"
EndProject
Project("{9A19103F-16F7-4668-BE54-9A1E7A4F7556}") = "Dominio", "Dominio\Dominio.csproj", "{F9D0EAFC-3B91-441E-9605-D04E7F3EA451}"
EndProject
Project("{FAE04EC0-301F-11D3-BF4B-00C04F79EFBC}") = "WebObligatorio", "WebObligatorio\WebObligatorio.csproj", "{C48AEB54-6853-45A9-B124-C9DB88B8A4A3}"
EndProject
Global
	GlobalSection(SolutionConfigurationPlatforms) = preSolution
		Debug|Any CPU = Debug|Any CPU
		Release|Any CPU = Release|Any CPU
	EndGlobalSection
	GlobalSection(ProjectConfigurationPlatforms) = postSolution
		{C71D3E69-C6CD-4D61-8A29-CDBA6E7213BC}.Debug|Any CPU.ActiveCfg = Debug|Any CPU
		{C71D3E69-C6CD-4D61-8A29-CDBA6E7213BC}.Debug|Any CPU.Build.0 = Debug|Any CPU
		{C71D3E69-C6CD-4D61-8A29-CDBA6E7213BC}.Release|Any CPU.ActiveCfg = Release|Any CPU
		{C71D3E69-C6CD-4D61-8A29-CDBA6E7213BC}.Release|Any CPU.Build.0 = Release|Any CPU
		{F9D0EAFC-3B91-441E-9605-D04E7F3EA451}.Debug|Any CPU.ActiveCfg = Debug|Any CPU
		{F9D0EAFC-3B91-441E-9605-D04E7F3EA451}.Debug|Any CPU.Build.0 = Debug|Any CPU
		{F9D0EAFC-3B91-441E-9605-D04E7F3EA451}.Release|Any CPU.ActiveCfg = Release|Any CPU
		{F9D0EAFC-3B91-441E-9605-D04E7F3EA451}.Release|Any CPU.Build.0 = Release|Any CPU
		{C48AEB54-6853-45A9-B124-C9DB88B8A4A3}.Debug|Any CPU.ActiveCfg = Debug|Any CPU
		{C48AEB54-6853-45A9-B124-C9DB88B8A4A3}.Debug|Any CPU.Build.0 = Debug|Any CPU
		{C48AEB54-6853-45A9-B124-C9DB88B8A4A3}.Release|Any CPU.ActiveCfg = Release|Any CPU
		{C48AEB54-6853-45A9-B124-C9DB88B8A4A3}.Release|Any CPU.Build.0 = Release|Any CPU
	EndGlobalSection
	GlobalSection(SolutionProperties) = preSolution
		HideSolutionNode = FALSE
	EndGlobalSection
	GlobalSection(ExtensibilityGlobals) = postSolution
		SolutionGuid = {75BC00AF-54CF-4126-ADD8-A2298B66D181}
	EndGlobalSection
EndGlobal
